PODS:
  - Sourcery (0.17.0)
  - SwiftyMocky (3.5.0):
    - SwiftyMocky/Core (= 3.5.0)
  - SwiftyMocky/Core (3.5.0):
    - Sourcery (>= 0.17)

DEPENDENCIES:
  - SwiftyMocky (~> 3.5.0)

SPEC REPOS:
  https://github.com/CocoaPods/Specs.git:
    - Sourcery
    - SwiftyMocky

SPEC CHECKSUMS:
  Sourcery: 3ed61be7c8a1218fce349266139379dba477efe0
  SwiftyMocky: f277174040db328a9da04ce8efa81b6d6d5b9d7d

PODFILE CHECKSUM: be6aa38dab34f8594237f669647702e663498b34

COCOAPODS: 1.8.4
