// !$*UTF8*$!
{
	archiveVersion = 1;
	classes = {
	};
	objectVersion = 48;
	objects = {

/* Begin PBXBuildFile section */
		3CC4B76396DF4B683353B9F3 /* Pods_SwiftyWorkflowTests.framework in Frameworks */ = {isa = PBXBuildFile; fileRef = C0B1B3A162D4BE24E52648A2 /* Pods_SwiftyWorkflowTests.framework */; };
		453637B403F452CB3F26DBEC /* Pods_WorkflowsTests.framework in Frameworks */ = {isa = PBXBuildFile; fileRef = 68802B71D0B66A8E04404D56 /* Pods_WorkflowsTests.framework */; };
		C786AD855AB4DFE10AB742F5 /* Pods_Workflows.framework in Frameworks */ = {isa = PBXBuildFile; fileRef = 2C3DD0B1801E71437C68D908 /* Pods_Workflows.framework */; };
		C8E39DA023ABB630003BE5C4 /* Mock.generated.swift in Sources */ = {isa = PBXBuildFile; fileRef = C8E39D9F23ABB630003BE5C4 /* Mock.generated.swift */; };
		C8E39DA223ABB640003BE5C4 /* Mock.generated.swift in Sources */ = {isa = PBXBuildFile; fileRef = C8E39DA123ABB640003BE5C4 /* Mock.generated.swift */; };
		C8E39DA423ABB6B4003BE5C4 /* Environment.generated.swift in Sources */ = {isa = PBXBuildFile; fileRef = C8E39DA323ABB6B3003BE5C4 /* Environment.generated.swift */; };
		CC9D2F2020542C58004952FA /* R.generated.swift in Sources */ = {isa = PBXBuildFile; fileRef = CC9D2F1F20542C58004952FA /* R.generated.swift */; };
		CC9D2F2620542E00004952FA /* ApplicationWorkflow.swift in Sources */ = {isa = PBXBuildFile; fileRef = CC9D2F2520542E00004952FA /* ApplicationWorkflow.swift */; };
		CC9D2F2820543845004952FA /* Settings.storyboard in Resources */ = {isa = PBXBuildFile; fileRef = CC9D2F2720543845004952FA /* Settings.storyboard */; };
		CC9D2F2A2054385D004952FA /* SettingsWorkflow.swift in Sources */ = {isa = PBXBuildFile; fileRef = CC9D2F292054385D004952FA /* SettingsWorkflow.swift */; };
		CC9D2F2C20543869004952FA /* SettingsView.swift in Sources */ = {isa = PBXBuildFile; fileRef = CC9D2F2B20543869004952FA /* SettingsView.swift */; };
		CC9D2F2E20543870004952FA /* SettingsPresenter.swift in Sources */ = {isa = PBXBuildFile; fileRef = CC9D2F2D20543870004952FA /* SettingsPresenter.swift */; };
		CC9D2F322054389D004952FA /* SettingsFlow.swift in Sources */ = {isa = PBXBuildFile; fileRef = CC9D2F312054389D004952FA /* SettingsFlow.swift */; };
		CC9D2F3420544F92004952FA /* Splash.xib in Resources */ = {isa = PBXBuildFile; fileRef = CC9D2F3320544F92004952FA /* Splash.xib */; };
		CC9D2F3720544FD1004952FA /* Splash.swift in Sources */ = {isa = PBXBuildFile; fileRef = CC9D2F3620544FD1004952FA /* Splash.swift */; };
		CC9D2F3A20545512004952FA /* DashboardView.swift in Sources */ = {isa = PBXBuildFile; fileRef = CC9D2F3920545512004952FA /* DashboardView.swift */; };
		CC9D2F3C2054551C004952FA /* DashboardPresenter.swift in Sources */ = {isa = PBXBuildFile; fileRef = CC9D2F3B2054551C004952FA /* DashboardPresenter.swift */; };
		CC9D2F3E20545528004952FA /* DashboardFlow.swift in Sources */ = {isa = PBXBuildFile; fileRef = CC9D2F3D20545528004952FA /* DashboardFlow.swift */; };
		CC9D2F4020546432004952FA /* MainAssembly.swift in Sources */ = {isa = PBXBuildFile; fileRef = CC9D2F3F20546432004952FA /* MainAssembly.swift */; };
		CC9D2F48205490BC004952FA /* SettingView.swift in Sources */ = {isa = PBXBuildFile; fileRef = CC9D2F47205490BC004952FA /* SettingView.swift */; };
		CC9D2F4A20549145004952FA /* SettingPresenter.swift in Sources */ = {isa = PBXBuildFile; fileRef = CC9D2F4920549145004952FA /* SettingPresenter.swift */; };
		CC9D2F4C20549339004952FA /* SettingFlow.swift in Sources */ = {isa = PBXBuildFile; fileRef = CC9D2F4B20549339004952FA /* SettingFlow.swift */; };
		CCD082CD205579AB00CC66E5 /* SwiftyWorkflow.framework in Frameworks */ = {isa = PBXBuildFile; fileRef = CCD082C4205579AB00CC66E5 /* SwiftyWorkflow.framework */; };
		CCD082D4205579AB00CC66E5 /* SwiftyWorkflowTests.swift in Sources */ = {isa = PBXBuildFile; fileRef = CCD082D3205579AB00CC66E5 /* SwiftyWorkflowTests.swift */; };
		CCD082D6205579AB00CC66E5 /* SwiftyWorkflow.h in Headers */ = {isa = PBXBuildFile; fileRef = CCD082C6205579AB00CC66E5 /* SwiftyWorkflow.h */; settings = {ATTRIBUTES = (Public, ); }; };
		CCD082D9205579AB00CC66E5 /* SwiftyWorkflow.framework in Frameworks */ = {isa = PBXBuildFile; fileRef = CCD082C4205579AB00CC66E5 /* SwiftyWorkflow.framework */; };
		CCD082DA205579AB00CC66E5 /* SwiftyWorkflow.framework in Embed Frameworks */ = {isa = PBXBuildFile; fileRef = CCD082C4205579AB00CC66E5 /* SwiftyWorkflow.framework */; settings = {ATTRIBUTES = (CodeSignOnCopy, RemoveHeadersOnCopy, ); }; };
		CCD082F3205579DB00CC66E5 /* Resolver.swift in Sources */ = {isa = PBXBuildFile; fileRef = CCD082E3205579DB00CC66E5 /* Resolver.swift */; };
		CCD082F4205579DB00CC66E5 /* Container.swift in Sources */ = {isa = PBXBuildFile; fileRef = CCD082E4205579DB00CC66E5 /* Container.swift */; };
		CCD082F5205579DB00CC66E5 /* Assembler.swift in Sources */ = {isa = PBXBuildFile; fileRef = CCD082E5205579DB00CC66E5 /* Assembler.swift */; };
		CCD082F6205579DB00CC66E5 /* Sequence+FlatMapFirst.swift in Sources */ = {isa = PBXBuildFile; fileRef = CCD082E7205579DB00CC66E5 /* Sequence+FlatMapFirst.swift */; };
		CCD082F7205579DB00CC66E5 /* ViewType.swift in Sources */ = {isa = PBXBuildFile; fileRef = CCD082E9205579DB00CC66E5 /* ViewType.swift */; };
		CCD082F8205579DB00CC66E5 /* Window.swift in Sources */ = {isa = PBXBuildFile; fileRef = CCD082EA205579DB00CC66E5 /* Window.swift */; };
		CCD082F9205579DB00CC66E5 /* UIViewController+ViewType.swift in Sources */ = {isa = PBXBuildFile; fileRef = CCD082EB205579DB00CC66E5 /* UIViewController+ViewType.swift */; };
		CCD082FA205579DB00CC66E5 /* UIWindow+Window.swift in Sources */ = {isa = PBXBuildFile; fileRef = CCD082EC205579DB00CC66E5 /* UIWindow+Window.swift */; };
		CCD082FB205579DB00CC66E5 /* Flow.swift in Sources */ = {isa = PBXBuildFile; fileRef = CCD082EE205579DB00CC66E5 /* Flow.swift */; };
		CCD082FC205579DB00CC66E5 /* Workflow.swift in Sources */ = {isa = PBXBuildFile; fileRef = CCD082EF205579DB00CC66E5 /* Workflow.swift */; };
		CCD082FD205579DB00CC66E5 /* WorkflowNode.swift in Sources */ = {isa = PBXBuildFile; fileRef = CCD082F0205579DB00CC66E5 /* WorkflowNode.swift */; };
		CCD082FE205579DB00CC66E5 /* Navigatable.swift in Sources */ = {isa = PBXBuildFile; fileRef = CCD082F1205579DB00CC66E5 /* Navigatable.swift */; };
		CCD082FF205579DB00CC66E5 /* Transition.swift in Sources */ = {isa = PBXBuildFile; fileRef = CCD082F2205579DB00CC66E5 /* Transition.swift */; };
		CCD0830120557DDC00CC66E5 /* Upload.storyboard in Resources */ = {isa = PBXBuildFile; fileRef = CCD0830020557DDC00CC66E5 /* Upload.storyboard */; };
		CCD0830620557E3100CC66E5 /* ScanQRFlow.swift in Sources */ = {isa = PBXBuildFile; fileRef = CCD0830520557E3100CC66E5 /* ScanQRFlow.swift */; };
		CCD0830820557E3D00CC66E5 /* ScanQRPresenter.swift in Sources */ = {isa = PBXBuildFile; fileRef = CCD0830720557E3D00CC66E5 /* ScanQRPresenter.swift */; };
		CCD0830A20557E4500CC66E5 /* ScanQRView.swift in Sources */ = {isa = PBXBuildFile; fileRef = CCD0830920557E4500CC66E5 /* ScanQRView.swift */; };
		CCD0830C20557E5300CC66E5 /* ScanDocumentFlow.swift in Sources */ = {isa = PBXBuildFile; fileRef = CCD0830B20557E5300CC66E5 /* ScanDocumentFlow.swift */; };
		CCD0830E20557E5C00CC66E5 /* ScanDocumentPresenter.swift in Sources */ = {isa = PBXBuildFile; fileRef = CCD0830D20557E5C00CC66E5 /* ScanDocumentPresenter.swift */; };
		CCD0831020557E6D00CC66E5 /* ScanDocumentView.swift in Sources */ = {isa = PBXBuildFile; fileRef = CCD0830F20557E6D00CC66E5 /* ScanDocumentView.swift */; };
		CCD0831220557E7700CC66E5 /* VerifyImageFlow.swift in Sources */ = {isa = PBXBuildFile; fileRef = CCD0831120557E7700CC66E5 /* VerifyImageFlow.swift */; };
		CCD0831420557E8900CC66E5 /* VerifyImagePresenter.swift in Sources */ = {isa = PBXBuildFile; fileRef = CCD0831320557E8900CC66E5 /* VerifyImagePresenter.swift */; };
		CCD0831620557E9400CC66E5 /* VerifyImageView.swift in Sources */ = {isa = PBXBuildFile; fileRef = CCD0831520557E9400CC66E5 /* VerifyImageView.swift */; };
		CCFE62D420534040000B057B /* AppDelegate.swift in Sources */ = {isa = PBXBuildFile; fileRef = CCFE62D320534040000B057B /* AppDelegate.swift */; };
		CCFE62D620534040000B057B /* ViewController.swift in Sources */ = {isa = PBXBuildFile; fileRef = CCFE62D520534040000B057B /* ViewController.swift */; };
		CCFE62D920534040000B057B /* Main.storyboard in Resources */ = {isa = PBXBuildFile; fileRef = CCFE62D720534040000B057B /* Main.storyboard */; };
		CCFE62DB20534040000B057B /* Assets.xcassets in Resources */ = {isa = PBXBuildFile; fileRef = CCFE62DA20534040000B057B /* Assets.xcassets */; };
		CCFE62DE20534040000B057B /* LaunchScreen.storyboard in Resources */ = {isa = PBXBuildFile; fileRef = CCFE62DC20534040000B057B /* LaunchScreen.storyboard */; };
		CCFE62E920534040000B057B /* WorkflowsTests.swift in Sources */ = {isa = PBXBuildFile; fileRef = CCFE62E820534040000B057B /* WorkflowsTests.swift */; };
		CCFE62FC20534858000B057B /* UploadWorkflow.swift in Sources */ = {isa = PBXBuildFile; fileRef = CCFE62FB20534858000B057B /* UploadWorkflow.swift */; };
/* End PBXBuildFile section */

/* Begin PBXContainerItemProxy section */
		CCD082CE205579AB00CC66E5 /* PBXContainerItemProxy */ = {
			isa = PBXContainerItemProxy;
			containerPortal = CCFE62C820534040000B057B /* Project object */;
			proxyType = 1;
			remoteGlobalIDString = CCD082C3205579AB00CC66E5;
			remoteInfo = SwiftyWorkflow;
		};
		CCD082D0205579AB00CC66E5 /* PBXContainerItemProxy */ = {
			isa = PBXContainerItemProxy;
			containerPortal = CCFE62C820534040000B057B /* Project object */;
			proxyType = 1;
			remoteGlobalIDString = CCFE62CF20534040000B057B;
			remoteInfo = Workflows;
		};
		CCD082D7205579AB00CC66E5 /* PBXContainerItemProxy */ = {
			isa = PBXContainerItemProxy;
			containerPortal = CCFE62C820534040000B057B /* Project object */;
			proxyType = 1;
			remoteGlobalIDString = CCD082C3205579AB00CC66E5;
			remoteInfo = SwiftyWorkflow;
		};
		CCFE62E520534040000B057B /* PBXContainerItemProxy */ = {
			isa = PBXContainerItemProxy;
			containerPortal = CCFE62C820534040000B057B /* Project object */;
			proxyType = 1;
			remoteGlobalIDString = CCFE62CF20534040000B057B;
			remoteInfo = Workflows;
		};
/* End PBXContainerItemProxy section */

/* Begin PBXCopyFilesBuildPhase section */
		CCD082DE205579AC00CC66E5 /* Embed Frameworks */ = {
			isa = PBXCopyFilesBuildPhase;
			buildActionMask = 2147483647;
			dstPath = "";
			dstSubfolderSpec = 10;
			files = (
				CCD082DA205579AB00CC66E5 /* SwiftyWorkflow.framework in Embed Frameworks */,
			);
			name = "Embed Frameworks";
			runOnlyForDeploymentPostprocessing = 0;
		};
/* End PBXCopyFilesBuildPhase section */

/* Begin PBXFileReference section */
		13C16ED8D8C63D30E19E512B /* Pods-WorkflowsTests.debug.xcconfig */ = {isa = PBXFileReference; includeInIndex = 1; lastKnownFileType = text.xcconfig; name = "Pods-WorkflowsTests.debug.xcconfig"; path = "Pods/Target Support Files/Pods-WorkflowsTests/Pods-WorkflowsTests.debug.xcconfig"; sourceTree = "<group>"; };
		2C3DD0B1801E71437C68D908 /* Pods_Workflows.framework */ = {isa = PBXFileReference; explicitFileType = wrapper.framework; includeInIndex = 0; path = Pods_Workflows.framework; sourceTree = BUILT_PRODUCTS_DIR; };
		68802B71D0B66A8E04404D56 /* Pods_WorkflowsTests.framework */ = {isa = PBXFileReference; explicitFileType = wrapper.framework; includeInIndex = 0; path = Pods_WorkflowsTests.framework; sourceTree = BUILT_PRODUCTS_DIR; };
		97C1916E701C5AACC79AA918 /* Pods-Workflows.release.xcconfig */ = {isa = PBXFileReference; includeInIndex = 1; lastKnownFileType = text.xcconfig; name = "Pods-Workflows.release.xcconfig"; path = "Pods/Target Support Files/Pods-Workflows/Pods-Workflows.release.xcconfig"; sourceTree = "<group>"; };
		AEDAD6DD94C86989550412AB /* Pods-WorkflowsTests.release.xcconfig */ = {isa = PBXFileReference; includeInIndex = 1; lastKnownFileType = text.xcconfig; name = "Pods-WorkflowsTests.release.xcconfig"; path = "Pods/Target Support Files/Pods-WorkflowsTests/Pods-WorkflowsTests.release.xcconfig"; sourceTree = "<group>"; };
		BEDD15D32AAE7D2185688CBC /* Pods-Workflows.debug.xcconfig */ = {isa = PBXFileReference; includeInIndex = 1; lastKnownFileType = text.xcconfig; name = "Pods-Workflows.debug.xcconfig"; path = "Pods/Target Support Files/Pods-Workflows/Pods-Workflows.debug.xcconfig"; sourceTree = "<group>"; };
		C0B1B3A162D4BE24E52648A2 /* Pods_SwiftyWorkflowTests.framework */ = {isa = PBXFileReference; explicitFileType = wrapper.framework; includeInIndex = 0; path = Pods_SwiftyWorkflowTests.framework; sourceTree = BUILT_PRODUCTS_DIR; };
		C3AA6A5B2E1CC2159B157745 /* Pods-SwiftyWorkflowTests.release.xcconfig */ = {isa = PBXFileReference; includeInIndex = 1; lastKnownFileType = text.xcconfig; name = "Pods-SwiftyWorkflowTests.release.xcconfig"; path = "Pods/Target Support Files/Pods-SwiftyWorkflowTests/Pods-SwiftyWorkflowTests.release.xcconfig"; sourceTree = "<group>"; };
		C8E39D9F23ABB630003BE5C4 /* Mock.generated.swift */ = {isa = PBXFileReference; fileEncoding = 4; lastKnownFileType = sourcecode.swift; path = Mock.generated.swift; sourceTree = "<group>"; };
		C8E39DA123ABB640003BE5C4 /* Mock.generated.swift */ = {isa = PBXFileReference; fileEncoding = 4; lastKnownFileType = sourcecode.swift; path = Mock.generated.swift; sourceTree = "<group>"; };
		C8E39DA323ABB6B3003BE5C4 /* Environment.generated.swift */ = {isa = PBXFileReference; fileEncoding = 4; lastKnownFileType = sourcecode.swift; path = Environment.generated.swift; sourceTree = "<group>"; };
		CC9D2F1F20542C58004952FA /* R.generated.swift */ = {isa = PBXFileReference; fileEncoding = 4; lastKnownFileType = sourcecode.swift; path = R.generated.swift; sourceTree = "<group>"; };
		CC9D2F2520542E00004952FA /* ApplicationWorkflow.swift */ = {isa = PBXFileReference; lastKnownFileType = sourcecode.swift; path = ApplicationWorkflow.swift; sourceTree = "<group>"; };
		CC9D2F2720543845004952FA /* Settings.storyboard */ = {isa = PBXFileReference; lastKnownFileType = file.storyboard; path = Settings.storyboard; sourceTree = "<group>"; };
		CC9D2F292054385D004952FA /* SettingsWorkflow.swift */ = {isa = PBXFileReference; lastKnownFileType = sourcecode.swift; path = SettingsWorkflow.swift; sourceTree = "<group>"; };
		CC9D2F2B20543869004952FA /* SettingsView.swift */ = {isa = PBXFileReference; lastKnownFileType = sourcecode.swift; path = SettingsView.swift; sourceTree = "<group>"; };
		CC9D2F2D20543870004952FA /* SettingsPresenter.swift */ = {isa = PBXFileReference; lastKnownFileType = sourcecode.swift; path = SettingsPresenter.swift; sourceTree = "<group>"; };
		CC9D2F312054389D004952FA /* SettingsFlow.swift */ = {isa = PBXFileReference; lastKnownFileType = sourcecode.swift; path = SettingsFlow.swift; sourceTree = "<group>"; };
		CC9D2F3320544F92004952FA /* Splash.xib */ = {isa = PBXFileReference; lastKnownFileType = file.xib; path = Splash.xib; sourceTree = "<group>"; };
		CC9D2F3620544FD1004952FA /* Splash.swift */ = {isa = PBXFileReference; lastKnownFileType = sourcecode.swift; path = Splash.swift; sourceTree = "<group>"; };
		CC9D2F3920545512004952FA /* DashboardView.swift */ = {isa = PBXFileReference; lastKnownFileType = sourcecode.swift; path = DashboardView.swift; sourceTree = "<group>"; };
		CC9D2F3B2054551C004952FA /* DashboardPresenter.swift */ = {isa = PBXFileReference; lastKnownFileType = sourcecode.swift; path = DashboardPresenter.swift; sourceTree = "<group>"; };
		CC9D2F3D20545528004952FA /* DashboardFlow.swift */ = {isa = PBXFileReference; lastKnownFileType = sourcecode.swift; path = DashboardFlow.swift; sourceTree = "<group>"; };
		CC9D2F3F20546432004952FA /* MainAssembly.swift */ = {isa = PBXFileReference; lastKnownFileType = sourcecode.swift; path = MainAssembly.swift; sourceTree = "<group>"; };
		CC9D2F47205490BC004952FA /* SettingView.swift */ = {isa = PBXFileReference; lastKnownFileType = sourcecode.swift; path = SettingView.swift; sourceTree = "<group>"; };
		CC9D2F4920549145004952FA /* SettingPresenter.swift */ = {isa = PBXFileReference; lastKnownFileType = sourcecode.swift; path = SettingPresenter.swift; sourceTree = "<group>"; };
		CC9D2F4B20549339004952FA /* SettingFlow.swift */ = {isa = PBXFileReference; lastKnownFileType = sourcecode.swift; path = SettingFlow.swift; sourceTree = "<group>"; };
		CCD082C4205579AB00CC66E5 /* SwiftyWorkflow.framework */ = {isa = PBXFileReference; explicitFileType = wrapper.framework; includeInIndex = 0; path = SwiftyWorkflow.framework; sourceTree = BUILT_PRODUCTS_DIR; };
		CCD082C6205579AB00CC66E5 /* SwiftyWorkflow.h */ = {isa = PBXFileReference; lastKnownFileType = sourcecode.c.h; path = SwiftyWorkflow.h; sourceTree = "<group>"; };
		CCD082C7205579AB00CC66E5 /* Info.plist */ = {isa = PBXFileReference; lastKnownFileType = text.plist.xml; path = Info.plist; sourceTree = "<group>"; };
		CCD082CC205579AB00CC66E5 /* SwiftyWorkflowTests.xctest */ = {isa = PBXFileReference; explicitFileType = wrapper.cfbundle; includeInIndex = 0; path = SwiftyWorkflowTests.xctest; sourceTree = BUILT_PRODUCTS_DIR; };
		CCD082D3205579AB00CC66E5 /* SwiftyWorkflowTests.swift */ = {isa = PBXFileReference; lastKnownFileType = sourcecode.swift; path = SwiftyWorkflowTests.swift; sourceTree = "<group>"; };
		CCD082D5205579AB00CC66E5 /* Info.plist */ = {isa = PBXFileReference; lastKnownFileType = text.plist.xml; path = Info.plist; sourceTree = "<group>"; };
		CCD082E3205579DB00CC66E5 /* Resolver.swift */ = {isa = PBXFileReference; fileEncoding = 4; lastKnownFileType = sourcecode.swift; path = Resolver.swift; sourceTree = "<group>"; };
		CCD082E4205579DB00CC66E5 /* Container.swift */ = {isa = PBXFileReference; fileEncoding = 4; lastKnownFileType = sourcecode.swift; path = Container.swift; sourceTree = "<group>"; };
		CCD082E5205579DB00CC66E5 /* Assembler.swift */ = {isa = PBXFileReference; fileEncoding = 4; lastKnownFileType = sourcecode.swift; path = Assembler.swift; sourceTree = "<group>"; };
		CCD082E7205579DB00CC66E5 /* Sequence+FlatMapFirst.swift */ = {isa = PBXFileReference; fileEncoding = 4; lastKnownFileType = sourcecode.swift; path = "Sequence+FlatMapFirst.swift"; sourceTree = "<group>"; };
		CCD082E9205579DB00CC66E5 /* ViewType.swift */ = {isa = PBXFileReference; fileEncoding = 4; lastKnownFileType = sourcecode.swift; path = ViewType.swift; sourceTree = "<group>"; };
		CCD082EA205579DB00CC66E5 /* Window.swift */ = {isa = PBXFileReference; fileEncoding = 4; lastKnownFileType = sourcecode.swift; path = Window.swift; sourceTree = "<group>"; };
		CCD082EB205579DB00CC66E5 /* UIViewController+ViewType.swift */ = {isa = PBXFileReference; fileEncoding = 4; lastKnownFileType = sourcecode.swift; path = "UIViewController+ViewType.swift"; sourceTree = "<group>"; };
		CCD082EC205579DB00CC66E5 /* UIWindow+Window.swift */ = {isa = PBXFileReference; fileEncoding = 4; lastKnownFileType = sourcecode.swift; path = "UIWindow+Window.swift"; sourceTree = "<group>"; };
		CCD082EE205579DB00CC66E5 /* Flow.swift */ = {isa = PBXFileReference; fileEncoding = 4; lastKnownFileType = sourcecode.swift; path = Flow.swift; sourceTree = "<group>"; };
		CCD082EF205579DB00CC66E5 /* Workflow.swift */ = {isa = PBXFileReference; fileEncoding = 4; lastKnownFileType = sourcecode.swift; path = Workflow.swift; sourceTree = "<group>"; };
		CCD082F0205579DB00CC66E5 /* WorkflowNode.swift */ = {isa = PBXFileReference; fileEncoding = 4; lastKnownFileType = sourcecode.swift; path = WorkflowNode.swift; sourceTree = "<group>"; };
		CCD082F1205579DB00CC66E5 /* Navigatable.swift */ = {isa = PBXFileReference; fileEncoding = 4; lastKnownFileType = sourcecode.swift; path = Navigatable.swift; sourceTree = "<group>"; };
		CCD082F2205579DB00CC66E5 /* Transition.swift */ = {isa = PBXFileReference; fileEncoding = 4; lastKnownFileType = sourcecode.swift; path = Transition.swift; sourceTree = "<group>"; };
		CCD0830020557DDC00CC66E5 /* Upload.storyboard */ = {isa = PBXFileReference; lastKnownFileType = file.storyboard; path = Upload.storyboard; sourceTree = "<group>"; };
		CCD0830520557E3100CC66E5 /* ScanQRFlow.swift */ = {isa = PBXFileReference; lastKnownFileType = sourcecode.swift; path = ScanQRFlow.swift; sourceTree = "<group>"; };
		CCD0830720557E3D00CC66E5 /* ScanQRPresenter.swift */ = {isa = PBXFileReference; lastKnownFileType = sourcecode.swift; path = ScanQRPresenter.swift; sourceTree = "<group>"; };
		CCD0830920557E4500CC66E5 /* ScanQRView.swift */ = {isa = PBXFileReference; lastKnownFileType = sourcecode.swift; path = ScanQRView.swift; sourceTree = "<group>"; };
		CCD0830B20557E5300CC66E5 /* ScanDocumentFlow.swift */ = {isa = PBXFileReference; lastKnownFileType = sourcecode.swift; path = ScanDocumentFlow.swift; sourceTree = "<group>"; };
		CCD0830D20557E5C00CC66E5 /* ScanDocumentPresenter.swift */ = {isa = PBXFileReference; lastKnownFileType = sourcecode.swift; path = ScanDocumentPresenter.swift; sourceTree = "<group>"; };
		CCD0830F20557E6D00CC66E5 /* ScanDocumentView.swift */ = {isa = PBXFileReference; lastKnownFileType = sourcecode.swift; path = ScanDocumentView.swift; sourceTree = "<group>"; };
		CCD0831120557E7700CC66E5 /* VerifyImageFlow.swift */ = {isa = PBXFileReference; lastKnownFileType = sourcecode.swift; path = VerifyImageFlow.swift; sourceTree = "<group>"; };
		CCD0831320557E8900CC66E5 /* VerifyImagePresenter.swift */ = {isa = PBXFileReference; lastKnownFileType = sourcecode.swift; path = VerifyImagePresenter.swift; sourceTree = "<group>"; };
		CCD0831520557E9400CC66E5 /* VerifyImageView.swift */ = {isa = PBXFileReference; lastKnownFileType = sourcecode.swift; path = VerifyImageView.swift; sourceTree = "<group>"; };
		CCFE62D020534040000B057B /* Workflows.app */ = {isa = PBXFileReference; explicitFileType = wrapper.application; includeInIndex = 0; path = Workflows.app; sourceTree = BUILT_PRODUCTS_DIR; };
		CCFE62D320534040000B057B /* AppDelegate.swift */ = {isa = PBXFileReference; lastKnownFileType = sourcecode.swift; path = AppDelegate.swift; sourceTree = "<group>"; };
		CCFE62D520534040000B057B /* ViewController.swift */ = {isa = PBXFileReference; lastKnownFileType = sourcecode.swift; path = ViewController.swift; sourceTree = "<group>"; };
		CCFE62D820534040000B057B /* Base */ = {isa = PBXFileReference; lastKnownFileType = file.storyboard; name = Base; path = Base.lproj/Main.storyboard; sourceTree = "<group>"; };
		CCFE62DA20534040000B057B /* Assets.xcassets */ = {isa = PBXFileReference; lastKnownFileType = folder.assetcatalog; path = Assets.xcassets; sourceTree = "<group>"; };
		CCFE62DD20534040000B057B /* Base */ = {isa = PBXFileReference; lastKnownFileType = file.storyboard; name = Base; path = Base.lproj/LaunchScreen.storyboard; sourceTree = "<group>"; };
		CCFE62DF20534040000B057B /* Info.plist */ = {isa = PBXFileReference; lastKnownFileType = text.plist.xml; path = Info.plist; sourceTree = "<group>"; };
		CCFE62E420534040000B057B /* WorkflowsTests.xctest */ = {isa = PBXFileReference; explicitFileType = wrapper.cfbundle; includeInIndex = 0; path = WorkflowsTests.xctest; sourceTree = BUILT_PRODUCTS_DIR; };
		CCFE62E820534040000B057B /* WorkflowsTests.swift */ = {isa = PBXFileReference; lastKnownFileType = sourcecode.swift; path = WorkflowsTests.swift; sourceTree = "<group>"; };
		CCFE62EA20534040000B057B /* Info.plist */ = {isa = PBXFileReference; lastKnownFileType = text.plist.xml; path = Info.plist; sourceTree = "<group>"; };
		CCFE62FB20534858000B057B /* UploadWorkflow.swift */ = {isa = PBXFileReference; lastKnownFileType = sourcecode.swift; path = UploadWorkflow.swift; sourceTree = "<group>"; };
		E1003828523B855DB76AD18F /* Pods-SwiftyWorkflowTests.debug.xcconfig */ = {isa = PBXFileReference; includeInIndex = 1; lastKnownFileType = text.xcconfig; name = "Pods-SwiftyWorkflowTests.debug.xcconfig"; path = "Pods/Target Support Files/Pods-SwiftyWorkflowTests/Pods-SwiftyWorkflowTests.debug.xcconfig"; sourceTree = "<group>"; };
/* End PBXFileReference section */

/* Begin PBXFrameworksBuildPhase section */
		CCD082C0205579AB00CC66E5 /* Frameworks */ = {
			isa = PBXFrameworksBuildPhase;
			buildActionMask = 2147483647;
			files = (
			);
			runOnlyForDeploymentPostprocessing = 0;
		};
		CCD082C9205579AB00CC66E5 /* Frameworks */ = {
			isa = PBXFrameworksBuildPhase;
			buildActionMask = 2147483647;
			files = (
				CCD082CD205579AB00CC66E5 /* SwiftyWorkflow.framework in Frameworks */,
				3CC4B76396DF4B683353B9F3 /* Pods_SwiftyWorkflowTests.framework in Frameworks */,
			);
			runOnlyForDeploymentPostprocessing = 0;
		};
		CCFE62CD20534040000B057B /* Frameworks */ = {
			isa = PBXFrameworksBuildPhase;
			buildActionMask = 2147483647;
			files = (
				C786AD855AB4DFE10AB742F5 /* Pods_Workflows.framework in Frameworks */,
				CCD082D9205579AB00CC66E5 /* SwiftyWorkflow.framework in Frameworks */,
			);
			runOnlyForDeploymentPostprocessing = 0;
		};
		CCFE62E120534040000B057B /* Frameworks */ = {
			isa = PBXFrameworksBuildPhase;
			buildActionMask = 2147483647;
			files = (
				453637B403F452CB3F26DBEC /* Pods_WorkflowsTests.framework in Frameworks */,
			);
			runOnlyForDeploymentPostprocessing = 0;
		};
/* End PBXFrameworksBuildPhase section */

/* Begin PBXGroup section */
		249074B1C96507BBC4F87C28 /* Frameworks */ = {
			isa = PBXGroup;
			children = (
				2C3DD0B1801E71437C68D908 /* Pods_Workflows.framework */,
				68802B71D0B66A8E04404D56 /* Pods_WorkflowsTests.framework */,
				C0B1B3A162D4BE24E52648A2 /* Pods_SwiftyWorkflowTests.framework */,
			);
			name = Frameworks;
			sourceTree = "<group>";
		};
		C186D20EBB6EC6C6C1156F95 /* Pods */ = {
			isa = PBXGroup;
			children = (
				BEDD15D32AAE7D2185688CBC /* Pods-Workflows.debug.xcconfig */,
				97C1916E701C5AACC79AA918 /* Pods-Workflows.release.xcconfig */,
				13C16ED8D8C63D30E19E512B /* Pods-WorkflowsTests.debug.xcconfig */,
				AEDAD6DD94C86989550412AB /* Pods-WorkflowsTests.release.xcconfig */,
				E1003828523B855DB76AD18F /* Pods-SwiftyWorkflowTests.debug.xcconfig */,
				C3AA6A5B2E1CC2159B157745 /* Pods-SwiftyWorkflowTests.release.xcconfig */,
			);
			name = Pods;
			sourceTree = "<group>";
		};
		C831A8932056820900303DBA /* AllSettings */ = {
			isa = PBXGroup;
			children = (
				CC9D2F312054389D004952FA /* SettingsFlow.swift */,
				CC9D2F2D20543870004952FA /* SettingsPresenter.swift */,
				CC9D2F2B20543869004952FA /* SettingsView.swift */,
			);
			path = AllSettings;
			sourceTree = "<group>";
		};
		CC9D2F1E20542C58004952FA /* Resources */ = {
			isa = PBXGroup;
			children = (
				CCFE62DA20534040000B057B /* Assets.xcassets */,
				CCFE62DC20534040000B057B /* LaunchScreen.storyboard */,
				CC9D2F1F20542C58004952FA /* R.generated.swift */,
			);
			path = Resources;
			sourceTree = "<group>";
		};
		CC9D2F2120542C5E004952FA /* Usecases */ = {
			isa = PBXGroup;
			children = (
				CC9D2F2220542C86004952FA /* Main */,
				CC9D2F2420542C93004952FA /* Settings */,
				CC9D2F2320542C8E004952FA /* Upload */,
			);
			path = Usecases;
			sourceTree = "<group>";
		};
		CC9D2F2220542C86004952FA /* Main */ = {
			isa = PBXGroup;
			children = (
				CCFE62D720534040000B057B /* Main.storyboard */,
				CC9D2F2520542E00004952FA /* ApplicationWorkflow.swift */,
				CC9D2F3F20546432004952FA /* MainAssembly.swift */,
				CC9D2F3820545503004952FA /* Dashboard */,
				CC9D2F3520544FC7004952FA /* Splash */,
			);
			path = Main;
			sourceTree = "<group>";
		};
		CC9D2F2320542C8E004952FA /* Upload */ = {
			isa = PBXGroup;
			children = (
				CCD0830020557DDC00CC66E5 /* Upload.storyboard */,
				CCFE62FB20534858000B057B /* UploadWorkflow.swift */,
				CCD0830220557DE700CC66E5 /* ScanQR */,
				CCD0830320557DF600CC66E5 /* ScanDocument */,
				CCD0830420557E0900CC66E5 /* VerifyImage */,
			);
			path = Upload;
			sourceTree = "<group>";
		};
		CC9D2F2420542C93004952FA /* Settings */ = {
			isa = PBXGroup;
			children = (
				CC9D2F2720543845004952FA /* Settings.storyboard */,
				CC9D2F292054385D004952FA /* SettingsWorkflow.swift */,
				C831A8932056820900303DBA /* AllSettings */,
				CC9D2F46205490B1004952FA /* Setting */,
			);
			path = Settings;
			sourceTree = "<group>";
		};
		CC9D2F3520544FC7004952FA /* Splash */ = {
			isa = PBXGroup;
			children = (
				CC9D2F3320544F92004952FA /* Splash.xib */,
				CC9D2F3620544FD1004952FA /* Splash.swift */,
			);
			path = Splash;
			sourceTree = "<group>";
		};
		CC9D2F3820545503004952FA /* Dashboard */ = {
			isa = PBXGroup;
			children = (
				CC9D2F3D20545528004952FA /* DashboardFlow.swift */,
				CC9D2F3B2054551C004952FA /* DashboardPresenter.swift */,
				CC9D2F3920545512004952FA /* DashboardView.swift */,
			);
			path = Dashboard;
			sourceTree = "<group>";
		};
		CC9D2F46205490B1004952FA /* Setting */ = {
			isa = PBXGroup;
			children = (
				CC9D2F4B20549339004952FA /* SettingFlow.swift */,
				CC9D2F4920549145004952FA /* SettingPresenter.swift */,
				CC9D2F47205490BC004952FA /* SettingView.swift */,
			);
			path = Setting;
			sourceTree = "<group>";
		};
		CCD082C5205579AB00CC66E5 /* SwiftyWorkflow */ = {
			isa = PBXGroup;
			children = (
				CCD082ED205579DB00CC66E5 /* Workflow */,
				CCD082E2205579DB00CC66E5 /* Injection */,
				CCD082E8205579DB00CC66E5 /* Routing */,
				CCD082E6205579DB00CC66E5 /* Categories */,
				CCD082C6205579AB00CC66E5 /* SwiftyWorkflow.h */,
				CCD082C7205579AB00CC66E5 /* Info.plist */,
			);
			path = SwiftyWorkflow;
			sourceTree = "<group>";
		};
		CCD082D2205579AB00CC66E5 /* SwiftyWorkflowTests */ = {
			isa = PBXGroup;
			children = (
				CCD082D3205579AB00CC66E5 /* SwiftyWorkflowTests.swift */,
				C8E39DA123ABB640003BE5C4 /* Mock.generated.swift */,
				CCD082D5205579AB00CC66E5 /* Info.plist */,
			);
			path = SwiftyWorkflowTests;
			sourceTree = "<group>";
		};
		CCD082E2205579DB00CC66E5 /* Injection */ = {
			isa = PBXGroup;
			children = (
				CCD082E3205579DB00CC66E5 /* Resolver.swift */,
				CCD082E4205579DB00CC66E5 /* Container.swift */,
				CCD082E5205579DB00CC66E5 /* Assembler.swift */,
			);
			path = Injection;
			sourceTree = "<group>";
		};
		CCD082E6205579DB00CC66E5 /* Categories */ = {
			isa = PBXGroup;
			children = (
				CCD082E7205579DB00CC66E5 /* Sequence+FlatMapFirst.swift */,
			);
			path = Categories;
			sourceTree = "<group>";
		};
		CCD082E8205579DB00CC66E5 /* Routing */ = {
			isa = PBXGroup;
			children = (
				CCD082E9205579DB00CC66E5 /* ViewType.swift */,
				CCD082EA205579DB00CC66E5 /* Window.swift */,
				CCD082EB205579DB00CC66E5 /* UIViewController+ViewType.swift */,
				CCD082EC205579DB00CC66E5 /* UIWindow+Window.swift */,
			);
			path = Routing;
			sourceTree = "<group>";
		};
		CCD082ED205579DB00CC66E5 /* Workflow */ = {
			isa = PBXGroup;
			children = (
				CCD082EE205579DB00CC66E5 /* Flow.swift */,
				CCD082EF205579DB00CC66E5 /* Workflow.swift */,
				CCD082F0205579DB00CC66E5 /* WorkflowNode.swift */,
				CCD082F1205579DB00CC66E5 /* Navigatable.swift */,
				CCD082F2205579DB00CC66E5 /* Transition.swift */,
			);
			path = Workflow;
			sourceTree = "<group>";
		};
		CCD0830220557DE700CC66E5 /* ScanQR */ = {
			isa = PBXGroup;
			children = (
				CCD0830520557E3100CC66E5 /* ScanQRFlow.swift */,
				CCD0830720557E3D00CC66E5 /* ScanQRPresenter.swift */,
				CCD0830920557E4500CC66E5 /* ScanQRView.swift */,
			);
			path = ScanQR;
			sourceTree = "<group>";
		};
		CCD0830320557DF600CC66E5 /* ScanDocument */ = {
			isa = PBXGroup;
			children = (
				CCD0830B20557E5300CC66E5 /* ScanDocumentFlow.swift */,
				CCD0830D20557E5C00CC66E5 /* ScanDocumentPresenter.swift */,
				CCD0830F20557E6D00CC66E5 /* ScanDocumentView.swift */,
			);
			path = ScanDocument;
			sourceTree = "<group>";
		};
		CCD0830420557E0900CC66E5 /* VerifyImage */ = {
			isa = PBXGroup;
			children = (
				CCD0831120557E7700CC66E5 /* VerifyImageFlow.swift */,
				CCD0831320557E8900CC66E5 /* VerifyImagePresenter.swift */,
				CCD0831520557E9400CC66E5 /* VerifyImageView.swift */,
			);
			path = VerifyImage;
			sourceTree = "<group>";
		};
		CCFE62C720534040000B057B = {
			isa = PBXGroup;
			children = (
				CCFE62D220534040000B057B /* Workflows */,
				CCFE62E720534040000B057B /* WorkflowsTests */,
				CCD082C5205579AB00CC66E5 /* SwiftyWorkflow */,
				CCD082D2205579AB00CC66E5 /* SwiftyWorkflowTests */,
				CCFE62D120534040000B057B /* Products */,
				C186D20EBB6EC6C6C1156F95 /* Pods */,
				249074B1C96507BBC4F87C28 /* Frameworks */,
			);
			sourceTree = "<group>";
		};
		CCFE62D120534040000B057B /* Products */ = {
			isa = PBXGroup;
			children = (
				CCFE62D020534040000B057B /* Workflows.app */,
				CCFE62E420534040000B057B /* WorkflowsTests.xctest */,
				CCD082C4205579AB00CC66E5 /* SwiftyWorkflow.framework */,
				CCD082CC205579AB00CC66E5 /* SwiftyWorkflowTests.xctest */,
			);
			name = Products;
			sourceTree = "<group>";
		};
		CCFE62D220534040000B057B /* Workflows */ = {
			isa = PBXGroup;
			children = (
				CC9D2F2120542C5E004952FA /* Usecases */,
				CC9D2F1E20542C58004952FA /* Resources */,
				C8E39DA323ABB6B3003BE5C4 /* Environment.generated.swift */,
				CCFE62D320534040000B057B /* AppDelegate.swift */,
				CCFE62D520534040000B057B /* ViewController.swift */,
				CCFE62DF20534040000B057B /* Info.plist */,
			);
			path = Workflows;
			sourceTree = "<group>";
		};
		CCFE62E720534040000B057B /* WorkflowsTests */ = {
			isa = PBXGroup;
			children = (
				CCFE62E820534040000B057B /* WorkflowsTests.swift */,
				C8E39D9F23ABB630003BE5C4 /* Mock.generated.swift */,
				CCFE62EA20534040000B057B /* Info.plist */,
			);
			path = WorkflowsTests;
			sourceTree = "<group>";
		};
/* End PBXGroup section */

/* Begin PBXHeadersBuildPhase section */
		CCD082C1205579AB00CC66E5 /* Headers */ = {
			isa = PBXHeadersBuildPhase;
			buildActionMask = 2147483647;
			files = (
				CCD082D6205579AB00CC66E5 /* SwiftyWorkflow.h in Headers */,
			);
			runOnlyForDeploymentPostprocessing = 0;
		};
/* End PBXHeadersBuildPhase section */

/* Begin PBXNativeTarget section */
		CCD082C3205579AB00CC66E5 /* SwiftyWorkflow */ = {
			isa = PBXNativeTarget;
			buildConfigurationList = CCD082DB205579AC00CC66E5 /* Build configuration list for PBXNativeTarget "SwiftyWorkflow" */;
			buildPhases = (
				CCD082BF205579AB00CC66E5 /* Sources */,
				CCD082C0205579AB00CC66E5 /* Frameworks */,
				CCD082C1205579AB00CC66E5 /* Headers */,
				CCD082C2205579AB00CC66E5 /* Resources */,
			);
			buildRules = (
			);
			dependencies = (
			);
			name = SwiftyWorkflow;
			productName = SwiftyWorkflow;
			productReference = CCD082C4205579AB00CC66E5 /* SwiftyWorkflow.framework */;
			productType = "com.apple.product-type.framework";
		};
		CCD082CB205579AB00CC66E5 /* SwiftyWorkflowTests */ = {
			isa = PBXNativeTarget;
			buildConfigurationList = CCD082DF205579AC00CC66E5 /* Build configuration list for PBXNativeTarget "SwiftyWorkflowTests" */;
			buildPhases = (
				BEDFC69937459C599163CC79 /* [CP] Check Pods Manifest.lock */,
				CCD082C8205579AB00CC66E5 /* Sources */,
				CCD082C9205579AB00CC66E5 /* Frameworks */,
				CCD082CA205579AB00CC66E5 /* Resources */,
				9D12432FCC6C67369AB54C02 /* [CP] Embed Pods Frameworks */,
			);
			buildRules = (
			);
			dependencies = (
				CCD082CF205579AB00CC66E5 /* PBXTargetDependency */,
				CCD082D1205579AB00CC66E5 /* PBXTargetDependency */,
			);
			name = SwiftyWorkflowTests;
			productName = SwiftyWorkflowTests;
			productReference = CCD082CC205579AB00CC66E5 /* SwiftyWorkflowTests.xctest */;
			productType = "com.apple.product-type.bundle.unit-test";
		};
		CCFE62CF20534040000B057B /* Workflows */ = {
			isa = PBXNativeTarget;
			buildConfigurationList = CCFE62ED20534040000B057B /* Build configuration list for PBXNativeTarget "Workflows" */;
			buildPhases = (
				31814D2BDA63CF25A6656E2D /* [CP] Check Pods Manifest.lock */,
				CC9D2F1D20542B96004952FA /* [R] Generate */,
				CCFE62CC20534040000B057B /* Sources */,
				CCFE62CD20534040000B057B /* Frameworks */,
				CCFE62CE20534040000B057B /* Resources */,
				C214A7644318019CF5C87530 /* [CP] Embed Pods Frameworks */,
				CCD082DE205579AC00CC66E5 /* Embed Frameworks */,
			);
			buildRules = (
			);
			dependencies = (
				CCD082D8205579AB00CC66E5 /* PBXTargetDependency */,
			);
			name = Workflows;
			productName = Workflows;
			productReference = CCFE62D020534040000B057B /* Workflows.app */;
			productType = "com.apple.product-type.application";
		};
		CCFE62E320534040000B057B /* WorkflowsTests */ = {
			isa = PBXNativeTarget;
			buildConfigurationList = CCFE62F020534040000B057B /* Build configuration list for PBXNativeTarget "WorkflowsTests" */;
			buildPhases = (
				2C7F75A039FE916A1BC5F7F2 /* [CP] Check Pods Manifest.lock */,
				CCFE62E020534040000B057B /* Sources */,
				CCFE62E120534040000B057B /* Frameworks */,
				CCFE62E220534040000B057B /* Resources */,
				302840D808B35E4D849101BD /* [CP] Embed Pods Frameworks */,
			);
			buildRules = (
			);
			dependencies = (
				CCFE62E620534040000B057B /* PBXTargetDependency */,
			);
			name = WorkflowsTests;
			productName = WorkflowsTests;
			productReference = CCFE62E420534040000B057B /* WorkflowsTests.xctest */;
			productType = "com.apple.product-type.bundle.unit-test";
		};
/* End PBXNativeTarget section */

/* Begin PBXProject section */
		CCFE62C820534040000B057B /* Project object */ = {
			isa = PBXProject;
			attributes = {
				LastSwiftUpdateCheck = 0920;
				LastUpgradeCheck = 0940;
				ORGANIZATIONNAME = "Andrzej Michnia";
				TargetAttributes = {
					CCD082C3205579AB00CC66E5 = {
						CreatedOnToolsVersion = 9.2;
						LastSwiftMigration = 1120;
						ProvisioningStyle = Automatic;
					};
					CCD082CB205579AB00CC66E5 = {
						CreatedOnToolsVersion = 9.2;
						ProvisioningStyle = Automatic;
						TestTargetID = CCFE62CF20534040000B057B;
					};
					CCFE62CF20534040000B057B = {
						CreatedOnToolsVersion = 9.2;
						ProvisioningStyle = Automatic;
					};
					CCFE62E320534040000B057B = {
						CreatedOnToolsVersion = 9.2;
						ProvisioningStyle = Automatic;
						TestTargetID = CCFE62CF20534040000B057B;
					};
				};
			};
			buildConfigurationList = CCFE62CB20534040000B057B /* Build configuration list for PBXProject "Workflows" */;
			compatibilityVersion = "Xcode 8.0";
			developmentRegion = en;
			hasScannedForEncodings = 0;
			knownRegions = (
				en,
				Base,
			);
			mainGroup = CCFE62C720534040000B057B;
			productRefGroup = CCFE62D120534040000B057B /* Products */;
			projectDirPath = "";
			projectRoot = "";
			targets = (
				CCFE62CF20534040000B057B /* Workflows */,
				CCFE62E320534040000B057B /* WorkflowsTests */,
				CCD082C3205579AB00CC66E5 /* SwiftyWorkflow */,
				CCD082CB205579AB00CC66E5 /* SwiftyWorkflowTests */,
			);
		};
/* End PBXProject section */

/* Begin PBXResourcesBuildPhase section */
		CCD082C2205579AB00CC66E5 /* Resources */ = {
			isa = PBXResourcesBuildPhase;
			buildActionMask = 2147483647;
			files = (
			);
			runOnlyForDeploymentPostprocessing = 0;
		};
		CCD082CA205579AB00CC66E5 /* Resources */ = {
			isa = PBXResourcesBuildPhase;
			buildActionMask = 2147483647;
			files = (
			);
			runOnlyForDeploymentPostprocessing = 0;
		};
		CCFE62CE20534040000B057B /* Resources */ = {
			isa = PBXResourcesBuildPhase;
			buildActionMask = 2147483647;
			files = (
				CCFE62DE20534040000B057B /* LaunchScreen.storyboard in Resources */,
				CCD0830120557DDC00CC66E5 /* Upload.storyboard in Resources */,
				CCFE62DB20534040000B057B /* Assets.xcassets in Resources */,
				CC9D2F3420544F92004952FA /* Splash.xib in Resources */,
				CCFE62D920534040000B057B /* Main.storyboard in Resources */,
				CC9D2F2820543845004952FA /* Settings.storyboard in Resources */,
			);
			runOnlyForDeploymentPostprocessing = 0;
		};
		CCFE62E220534040000B057B /* Resources */ = {
			isa = PBXResourcesBuildPhase;
			buildActionMask = 2147483647;
			files = (
			);
			runOnlyForDeploymentPostprocessing = 0;
		};
/* End PBXResourcesBuildPhase section */

/* Begin PBXShellScriptBuildPhase section */
		2C7F75A039FE916A1BC5F7F2 /* [CP] Check Pods Manifest.lock */ = {
			isa = PBXShellScriptBuildPhase;
			buildActionMask = 2147483647;
			files = (
			);
			inputPaths = (
				"${PODS_PODFILE_DIR_PATH}/Podfile.lock",
				"${PODS_ROOT}/Manifest.lock",
			);
			name = "[CP] Check Pods Manifest.lock";
			outputPaths = (
				"$(DERIVED_FILE_DIR)/Pods-WorkflowsTests-checkManifestLockResult.txt",
			);
			runOnlyForDeploymentPostprocessing = 0;
			shellPath = /bin/sh;
			shellScript = "diff \"${PODS_PODFILE_DIR_PATH}/Podfile.lock\" \"${PODS_ROOT}/Manifest.lock\" > /dev/null\nif [ $? != 0 ] ; then\n    # print error to STDERR\n    echo \"error: The sandbox is not in sync with the Podfile.lock. Run 'pod install' or update your CocoaPods installation.\" >&2\n    exit 1\nfi\n# This output is used by Xcode 'outputs' to avoid re-running this script phase.\necho \"SUCCESS\" > \"${SCRIPT_OUTPUT_FILE_0}\"\n";
			showEnvVarsInLog = 0;
		};
		302840D808B35E4D849101BD /* [CP] Embed Pods Frameworks */ = {
			isa = PBXShellScriptBuildPhase;
			buildActionMask = 2147483647;
			files = (
			);
			inputPaths = (
				"${PODS_ROOT}/Target Support Files/Pods-WorkflowsTests/Pods-WorkflowsTests-frameworks.sh",
				"${BUILT_PRODUCTS_DIR}/SwiftyMocky/SwiftyMocky.framework",
			);
			name = "[CP] Embed Pods Frameworks";
			outputPaths = (
				"${TARGET_BUILD_DIR}/${FRAMEWORKS_FOLDER_PATH}/SwiftyMocky.framework",
			);
			runOnlyForDeploymentPostprocessing = 0;
			shellPath = /bin/sh;
			shellScript = "\"${PODS_ROOT}/Target Support Files/Pods-WorkflowsTests/Pods-WorkflowsTests-frameworks.sh\"\n";
			showEnvVarsInLog = 0;
		};
		31814D2BDA63CF25A6656E2D /* [CP] Check Pods Manifest.lock */ = {
			isa = PBXShellScriptBuildPhase;
			buildActionMask = 2147483647;
			files = (
			);
			inputPaths = (
				"${PODS_PODFILE_DIR_PATH}/Podfile.lock",
				"${PODS_ROOT}/Manifest.lock",
			);
			name = "[CP] Check Pods Manifest.lock";
			outputPaths = (
				"$(DERIVED_FILE_DIR)/Pods-Workflows-checkManifestLockResult.txt",
			);
			runOnlyForDeploymentPostprocessing = 0;
			shellPath = /bin/sh;
			shellScript = "diff \"${PODS_PODFILE_DIR_PATH}/Podfile.lock\" \"${PODS_ROOT}/Manifest.lock\" > /dev/null\nif [ $? != 0 ] ; then\n    # print error to STDERR\n    echo \"error: The sandbox is not in sync with the Podfile.lock. Run 'pod install' or update your CocoaPods installation.\" >&2\n    exit 1\nfi\n# This output is used by Xcode 'outputs' to avoid re-running this script phase.\necho \"SUCCESS\" > \"${SCRIPT_OUTPUT_FILE_0}\"\n";
			showEnvVarsInLog = 0;
		};
		9D12432FCC6C67369AB54C02 /* [CP] Embed Pods Frameworks */ = {
			isa = PBXShellScriptBuildPhase;
			buildActionMask = 2147483647;
			files = (
			);
			inputPaths = (
				"${PODS_ROOT}/Target Support Files/Pods-SwiftyWorkflowTests/Pods-SwiftyWorkflowTests-frameworks.sh",
				"${BUILT_PRODUCTS_DIR}/SwiftyMocky/SwiftyMocky.framework",
			);
			name = "[CP] Embed Pods Frameworks";
			outputPaths = (
				"${TARGET_BUILD_DIR}/${FRAMEWORKS_FOLDER_PATH}/SwiftyMocky.framework",
			);
			runOnlyForDeploymentPostprocessing = 0;
			shellPath = /bin/sh;
			shellScript = "\"${PODS_ROOT}/Target Support Files/Pods-SwiftyWorkflowTests/Pods-SwiftyWorkflowTests-frameworks.sh\"\n";
			showEnvVarsInLog = 0;
		};
		BEDFC69937459C599163CC79 /* [CP] Check Pods Manifest.lock */ = {
			isa = PBXShellScriptBuildPhase;
			buildActionMask = 2147483647;
			files = (
			);
			inputFileListPaths = (
			);
			inputPaths = (
				"${PODS_PODFILE_DIR_PATH}/Podfile.lock",
				"${PODS_ROOT}/Manifest.lock",
			);
			name = "[CP] Check Pods Manifest.lock";
			outputFileListPaths = (
			);
			outputPaths = (
				"$(DERIVED_FILE_DIR)/Pods-SwiftyWorkflowTests-checkManifestLockResult.txt",
			);
			runOnlyForDeploymentPostprocessing = 0;
			shellPath = /bin/sh;
			shellScript = "diff \"${PODS_PODFILE_DIR_PATH}/Podfile.lock\" \"${PODS_ROOT}/Manifest.lock\" > /dev/null\nif [ $? != 0 ] ; then\n    # print error to STDERR\n    echo \"error: The sandbox is not in sync with the Podfile.lock. Run 'pod install' or update your CocoaPods installation.\" >&2\n    exit 1\nfi\n# This output is used by Xcode 'outputs' to avoid re-running this script phase.\necho \"SUCCESS\" > \"${SCRIPT_OUTPUT_FILE_0}\"\n";
			showEnvVarsInLog = 0;
		};
		C214A7644318019CF5C87530 /* [CP] Embed Pods Frameworks */ = {
			isa = PBXShellScriptBuildPhase;
			buildActionMask = 2147483647;
			files = (
			);
			inputPaths = (
				"${PODS_ROOT}/Target Support Files/Pods-Workflows/Pods-Workflows-frameworks.sh",
				"${BUILT_PRODUCTS_DIR}/R.swift.Library/Rswift.framework",
			);
			name = "[CP] Embed Pods Frameworks";
			outputPaths = (
				"${TARGET_BUILD_DIR}/${FRAMEWORKS_FOLDER_PATH}/Rswift.framework",
			);
			runOnlyForDeploymentPostprocessing = 0;
			shellPath = /bin/sh;
			shellScript = "\"${PODS_ROOT}/Target Support Files/Pods-Workflows/Pods-Workflows-frameworks.sh\"\n";
			showEnvVarsInLog = 0;
		};
		CC9D2F1D20542B96004952FA /* [R] Generate */ = {
			isa = PBXShellScriptBuildPhase;
			buildActionMask = 2147483647;
			files = (
			);
			inputPaths = (
				"$TEMP_DIR/rswift-lastrun",
			);
			name = "[R] Generate";
			outputPaths = (
				"$SRCROOT/Workflows/Resources/R.generated.swift",
			);
			runOnlyForDeploymentPostprocessing = 0;
			shellPath = /bin/sh;
			shellScript = "$SRCROOT/Pods/R.swift/rswift generate $SRCROOT/Workflows/Resources/R.generated.swift\n";
		};
/* End PBXShellScriptBuildPhase section */

/* Begin PBXSourcesBuildPhase section */
		CCD082BF205579AB00CC66E5 /* Sources */ = {
			isa = PBXSourcesBuildPhase;
			buildActionMask = 2147483647;
			files = (
				CCD082F3205579DB00CC66E5 /* Resolver.swift in Sources */,
				CCD082FA205579DB00CC66E5 /* UIWindow+Window.swift in Sources */,
				CCD082FE205579DB00CC66E5 /* Navigatable.swift in Sources */,
				CCD082F5205579DB00CC66E5 /* Assembler.swift in Sources */,
				CCD082FD205579DB00CC66E5 /* WorkflowNode.swift in Sources */,
				CCD082F7205579DB00CC66E5 /* ViewType.swift in Sources */,
				CCD082FF205579DB00CC66E5 /* Transition.swift in Sources */,
				CCD082FC205579DB00CC66E5 /* Workflow.swift in Sources */,
				CCD082F9205579DB00CC66E5 /* UIViewController+ViewType.swift in Sources */,
				CCD082F4205579DB00CC66E5 /* Container.swift in Sources */,
				CCD082FB205579DB00CC66E5 /* Flow.swift in Sources */,
				CCD082F6205579DB00CC66E5 /* Sequence+FlatMapFirst.swift in Sources */,
				CCD082F8205579DB00CC66E5 /* Window.swift in Sources */,
			);
			runOnlyForDeploymentPostprocessing = 0;
		};
		CCD082C8205579AB00CC66E5 /* Sources */ = {
			isa = PBXSourcesBuildPhase;
			buildActionMask = 2147483647;
			files = (
				C8E39DA223ABB640003BE5C4 /* Mock.generated.swift in Sources */,
				CCD082D4205579AB00CC66E5 /* SwiftyWorkflowTests.swift in Sources */,
			);
			runOnlyForDeploymentPostprocessing = 0;
		};
		CCFE62CC20534040000B057B /* Sources */ = {
			isa = PBXSourcesBuildPhase;
			buildActionMask = 2147483647;
			files = (
				CCFE62D620534040000B057B /* ViewController.swift in Sources */,
				CC9D2F3E20545528004952FA /* DashboardFlow.swift in Sources */,
				CCD0830E20557E5C00CC66E5 /* ScanDocumentPresenter.swift in Sources */,
				CCD0830A20557E4500CC66E5 /* ScanQRView.swift in Sources */,
				CCFE62FC20534858000B057B /* UploadWorkflow.swift in Sources */,
				CC9D2F2E20543870004952FA /* SettingsPresenter.swift in Sources */,
				CCD0831420557E8900CC66E5 /* VerifyImagePresenter.swift in Sources */,
				CC9D2F4A20549145004952FA /* SettingPresenter.swift in Sources */,
				CC9D2F2620542E00004952FA /* ApplicationWorkflow.swift in Sources */,
				CC9D2F2020542C58004952FA /* R.generated.swift in Sources */,
				CC9D2F4020546432004952FA /* MainAssembly.swift in Sources */,
				CC9D2F3A20545512004952FA /* DashboardView.swift in Sources */,
				CCD0830C20557E5300CC66E5 /* ScanDocumentFlow.swift in Sources */,
				CCD0831620557E9400CC66E5 /* VerifyImageView.swift in Sources */,
				CCD0830820557E3D00CC66E5 /* ScanQRPresenter.swift in Sources */,
				CCD0831220557E7700CC66E5 /* VerifyImageFlow.swift in Sources */,
				CC9D2F2C20543869004952FA /* SettingsView.swift in Sources */,
				CCFE62D420534040000B057B /* AppDelegate.swift in Sources */,
				CC9D2F3720544FD1004952FA /* Splash.swift in Sources */,
				CC9D2F48205490BC004952FA /* SettingView.swift in Sources */,
				CC9D2F3C2054551C004952FA /* DashboardPresenter.swift in Sources */,
				CC9D2F2A2054385D004952FA /* SettingsWorkflow.swift in Sources */,
				CC9D2F322054389D004952FA /* SettingsFlow.swift in Sources */,
				C8E39DA423ABB6B4003BE5C4 /* Environment.generated.swift in Sources */,
				CC9D2F4C20549339004952FA /* SettingFlow.swift in Sources */,
				CCD0830620557E3100CC66E5 /* ScanQRFlow.swift in Sources */,
				CCD0831020557E6D00CC66E5 /* ScanDocumentView.swift in Sources */,
			);
			runOnlyForDeploymentPostprocessing = 0;
		};
		CCFE62E020534040000B057B /* Sources */ = {
			isa = PBXSourcesBuildPhase;
			buildActionMask = 2147483647;
			files = (
				C8E39DA023ABB630003BE5C4 /* Mock.generated.swift in Sources */,
				CCFE62E920534040000B057B /* WorkflowsTests.swift in Sources */,
			);
			runOnlyForDeploymentPostprocessing = 0;
		};
/* End PBXSourcesBuildPhase section */

/* Begin PBXTargetDependency section */
		CCD082CF205579AB00CC66E5 /* PBXTargetDependency */ = {
			isa = PBXTargetDependency;
			target = CCD082C3205579AB00CC66E5 /* SwiftyWorkflow */;
			targetProxy = CCD082CE205579AB00CC66E5 /* PBXContainerItemProxy */;
		};
		CCD082D1205579AB00CC66E5 /* PBXTargetDependency */ = {
			isa = PBXTargetDependency;
			target = CCFE62CF20534040000B057B /* Workflows */;
			targetProxy = CCD082D0205579AB00CC66E5 /* PBXContainerItemProxy */;
		};
		CCD082D8205579AB00CC66E5 /* PBXTargetDependency */ = {
			isa = PBXTargetDependency;
			target = CCD082C3205579AB00CC66E5 /* SwiftyWorkflow */;
			targetProxy = CCD082D7205579AB00CC66E5 /* PBXContainerItemProxy */;
		};
		CCFE62E620534040000B057B /* PBXTargetDependency */ = {
			isa = PBXTargetDependency;
			target = CCFE62CF20534040000B057B /* Workflows */;
			targetProxy = CCFE62E520534040000B057B /* PBXContainerItemProxy */;
		};
/* End PBXTargetDependency section */

/* Begin PBXVariantGroup section */
		CCFE62D720534040000B057B /* Main.storyboard */ = {
			isa = PBXVariantGroup;
			children = (
				CCFE62D820534040000B057B /* Base */,
			);
			name = Main.storyboard;
			sourceTree = "<group>";
		};
		CCFE62DC20534040000B057B /* LaunchScreen.storyboard */ = {
			isa = PBXVariantGroup;
			children = (
				CCFE62DD20534040000B057B /* Base */,
			);
			name = LaunchScreen.storyboard;
			sourceTree = "<group>";
		};
/* End PBXVariantGroup section */

/* Begin XCBuildConfiguration section */
		CCD082DC205579AC00CC66E5 /* Debug */ = {
			isa = XCBuildConfiguration;
			buildSettings = {
				ALWAYS_EMBED_SWIFT_STANDARD_LIBRARIES = "$(inherited)";
				CODE_SIGN_IDENTITY = "";
				CODE_SIGN_STYLE = Automatic;
				CURRENT_PROJECT_VERSION = 1;
				DEFINES_MODULE = YES;
				DEVELOPMENT_TEAM = YYAKJ5SR76;
				DYLIB_COMPATIBILITY_VERSION = 1;
				DYLIB_CURRENT_VERSION = 1;
				DYLIB_INSTALL_NAME_BASE = "@rpath";
				INFOPLIST_FILE = SwiftyWorkflow/Info.plist;
				INSTALL_PATH = "$(LOCAL_LIBRARY_DIR)/Frameworks";
				IPHONEOS_DEPLOYMENT_TARGET = 10.0;
				LD_RUNPATH_SEARCH_PATHS = "$(inherited) @executable_path/Frameworks @loader_path/Frameworks";
				MARKETING_VERSION = 0.3.0;
				PRODUCT_BUNDLE_IDENTIFIER = com.girappe.SwiftyWorkflow;
				PRODUCT_NAME = "$(TARGET_NAME:c99extidentifier)";
				SKIP_INSTALL = YES;
				TARGETED_DEVICE_FAMILY = "1,2";
				VERSIONING_SYSTEM = "apple-generic";
				VERSION_INFO_PREFIX = "";
			};
			name = Debug;
		};
		CCD082DD205579AC00CC66E5 /* Release */ = {
			isa = XCBuildConfiguration;
			buildSettings = {
				ALWAYS_EMBED_SWIFT_STANDARD_LIBRARIES = "$(inherited)";
				CODE_SIGN_IDENTITY = "";
				CODE_SIGN_STYLE = Automatic;
				CURRENT_PROJECT_VERSION = 1;
				DEFINES_MODULE = YES;
				DEVELOPMENT_TEAM = YYAKJ5SR76;
				DYLIB_COMPATIBILITY_VERSION = 1;
				DYLIB_CURRENT_VERSION = 1;
				DYLIB_INSTALL_NAME_BASE = "@rpath";
				INFOPLIST_FILE = SwiftyWorkflow/Info.plist;
				INSTALL_PATH = "$(LOCAL_LIBRARY_DIR)/Frameworks";
				IPHONEOS_DEPLOYMENT_TARGET = 10.0;
				LD_RUNPATH_SEARCH_PATHS = "$(inherited) @executable_path/Frameworks @loader_path/Frameworks";
				MARKETING_VERSION = 0.3.0;
				PRODUCT_BUNDLE_IDENTIFIER = com.girappe.SwiftyWorkflow;
				PRODUCT_NAME = "$(TARGET_NAME:c99extidentifier)";
				SKIP_INSTALL = YES;
				TARGETED_DEVICE_FAMILY = "1,2";
				VERSIONING_SYSTEM = "apple-generic";
				VERSION_INFO_PREFIX = "";
			};
			name = Release;
		};
		CCD082E0205579AC00CC66E5 /* Debug */ = {
			isa = XCBuildConfiguration;
			baseConfigurationReference = E1003828523B855DB76AD18F /* Pods-SwiftyWorkflowTests.debug.xcconfig */;
			buildSettings = {
				ALWAYS_EMBED_SWIFT_STANDARD_LIBRARIES = "$(inherited)";
				CODE_SIGN_STYLE = Automatic;
				DEVELOPMENT_TEAM = YYAKJ5SR76;
				INFOPLIST_FILE = SwiftyWorkflowTests/Info.plist;
				LD_RUNPATH_SEARCH_PATHS = "$(inherited) @executable_path/Frameworks @loader_path/Frameworks";
				PRODUCT_BUNDLE_IDENTIFIER = com.makeAWishFoundation.SwiftyWorkflowTests;
				PRODUCT_NAME = "$(TARGET_NAME)";
				TARGETED_DEVICE_FAMILY = "1,2";
				TEST_HOST = "$(BUILT_PRODUCTS_DIR)/Workflows.app/Workflows";
			};
			name = Debug;
		};
		CCD082E1205579AC00CC66E5 /* Release */ = {
			isa = XCBuildConfiguration;
			baseConfigurationReference = C3AA6A5B2E1CC2159B157745 /* Pods-SwiftyWorkflowTests.release.xcconfig */;
			buildSettings = {
				ALWAYS_EMBED_SWIFT_STANDARD_LIBRARIES = "$(inherited)";
				CODE_SIGN_STYLE = Automatic;
				DEVELOPMENT_TEAM = YYAKJ5SR76;
				INFOPLIST_FILE = SwiftyWorkflowTests/Info.plist;
				LD_RUNPATH_SEARCH_PATHS = "$(inherited) @executable_path/Frameworks @loader_path/Frameworks";
				PRODUCT_BUNDLE_IDENTIFIER = com.makeAWishFoundation.SwiftyWorkflowTests;
				PRODUCT_NAME = "$(TARGET_NAME)";
				TARGETED_DEVICE_FAMILY = "1,2";
				TEST_HOST = "$(BUILT_PRODUCTS_DIR)/Workflows.app/Workflows";
			};
			name = Release;
		};
		CCFE62EB20534040000B057B /* Debug */ = {
			isa = XCBuildConfiguration;
			buildSettings = {
				ALWAYS_SEARCH_USER_PATHS = NO;
				CLANG_ANALYZER_NONNULL = YES;
				CLANG_ANALYZER_NUMBER_OBJECT_CONVERSION = YES_AGGRESSIVE;
				CLANG_CXX_LANGUAGE_STANDARD = "gnu++14";
				CLANG_CXX_LIBRARY = "libc++";
				CLANG_ENABLE_MODULES = YES;
				CLANG_ENABLE_OBJC_ARC = YES;
				CLANG_WARN_BLOCK_CAPTURE_AUTORELEASING = YES;
				CLANG_WARN_BOOL_CONVERSION = YES;
				CLANG_WARN_COMMA = YES;
				CLANG_WARN_CONSTANT_CONVERSION = YES;
				CLANG_WARN_DEPRECATED_OBJC_IMPLEMENTATIONS = YES;
				CLANG_WARN_DIRECT_OBJC_ISA_USAGE = YES_ERROR;
				CLANG_WARN_DOCUMENTATION_COMMENTS = YES;
				CLANG_WARN_EMPTY_BODY = YES;
				CLANG_WARN_ENUM_CONVERSION = YES;
				CLANG_WARN_INFINITE_RECURSION = YES;
				CLANG_WARN_INT_CONVERSION = YES;
				CLANG_WARN_NON_LITERAL_NULL_CONVERSION = YES;
				CLANG_WARN_OBJC_IMPLICIT_RETAIN_SELF = YES;
				CLANG_WARN_OBJC_LITERAL_CONVERSION = YES;
				CLANG_WARN_OBJC_ROOT_CLASS = YES_ERROR;
				CLANG_WARN_RANGE_LOOP_ANALYSIS = YES;
				CLANG_WARN_STRICT_PROTOTYPES = YES;
				CLANG_WARN_SUSPICIOUS_MOVE = YES;
				CLANG_WARN_UNGUARDED_AVAILABILITY = YES_AGGRESSIVE;
				CLANG_WARN_UNREACHABLE_CODE = YES;
				CLANG_WARN__DUPLICATE_METHOD_MATCH = YES;
				CODE_SIGN_IDENTITY = "iPhone Developer";
				COPY_PHASE_STRIP = NO;
				DEBUG_INFORMATION_FORMAT = dwarf;
				ENABLE_STRICT_OBJC_MSGSEND = YES;
				ENABLE_TESTABILITY = YES;
				GCC_C_LANGUAGE_STANDARD = gnu11;
				GCC_DYNAMIC_NO_PIC = NO;
				GCC_NO_COMMON_BLOCKS = YES;
				GCC_OPTIMIZATION_LEVEL = 0;
				GCC_PREPROCESSOR_DEFINITIONS = (
					"DEBUG=1",
					"$(inherited)",
				);
				GCC_WARN_64_TO_32_BIT_CONVERSION = YES;
				GCC_WARN_ABOUT_RETURN_TYPE = YES_ERROR;
				GCC_WARN_UNDECLARED_SELECTOR = YES;
				GCC_WARN_UNINITIALIZED_AUTOS = YES_AGGRESSIVE;
				GCC_WARN_UNUSED_FUNCTION = YES;
				GCC_WARN_UNUSED_VARIABLE = YES;
				IPHONEOS_DEPLOYMENT_TARGET = 11.2;
				MTL_ENABLE_DEBUG_INFO = YES;
				ONLY_ACTIVE_ARCH = YES;
				SDKROOT = iphoneos;
				SWIFT_ACTIVE_COMPILATION_CONDITIONS = DEBUG;
				SWIFT_OPTIMIZATION_LEVEL = "-Onone";
				SWIFT_VERSION = 5.0;
			};
			name = Debug;
		};
		CCFE62EC20534040000B057B /* Release */ = {
			isa = XCBuildConfiguration;
			buildSettings = {
				ALWAYS_SEARCH_USER_PATHS = NO;
				CLANG_ANALYZER_NONNULL = YES;
				CLANG_ANALYZER_NUMBER_OBJECT_CONVERSION = YES_AGGRESSIVE;
				CLANG_CXX_LANGUAGE_STANDARD = "gnu++14";
				CLANG_CXX_LIBRARY = "libc++";
				CLANG_ENABLE_MODULES = YES;
				CLANG_ENABLE_OBJC_ARC = YES;
				CLANG_WARN_BLOCK_CAPTURE_AUTORELEASING = YES;
				CLANG_WARN_BOOL_CONVERSION = YES;
				CLANG_WARN_COMMA = YES;
				CLANG_WARN_CONSTANT_CONVERSION = YES;
				CLANG_WARN_DEPRECATED_OBJC_IMPLEMENTATIONS = YES;
				CLANG_WARN_DIRECT_OBJC_ISA_USAGE = YES_ERROR;
				CLANG_WARN_DOCUMENTATION_COMMENTS = YES;
				CLANG_WARN_EMPTY_BODY = YES;
				CLANG_WARN_ENUM_CONVERSION = YES;
				CLANG_WARN_INFINITE_RECURSION = YES;
				CLANG_WARN_INT_CONVERSION = YES;
				CLANG_WARN_NON_LITERAL_NULL_CONVERSION = YES;
				CLANG_WARN_OBJC_IMPLICIT_RETAIN_SELF = YES;
				CLANG_WARN_OBJC_LITERAL_CONVERSION = YES;
				CLANG_WARN_OBJC_ROOT_CLASS = YES_ERROR;
				CLANG_WARN_RANGE_LOOP_ANALYSIS = YES;
				CLANG_WARN_STRICT_PROTOTYPES = YES;
				CLANG_WARN_SUSPICIOUS_MOVE = YES;
				CLANG_WARN_UNGUARDED_AVAILABILITY = YES_AGGRESSIVE;
				CLANG_WARN_UNREACHABLE_CODE = YES;
				CLANG_WARN__DUPLICATE_METHOD_MATCH = YES;
				CODE_SIGN_IDENTITY = "iPhone Developer";
				COPY_PHASE_STRIP = NO;
				DEBUG_INFORMATION_FORMAT = "dwarf-with-dsym";
				ENABLE_NS_ASSERTIONS = NO;
				ENABLE_STRICT_OBJC_MSGSEND = YES;
				GCC_C_LANGUAGE_STANDARD = gnu11;
				GCC_NO_COMMON_BLOCKS = YES;
				GCC_WARN_64_TO_32_BIT_CONVERSION = YES;
				GCC_WARN_ABOUT_RETURN_TYPE = YES_ERROR;
				GCC_WARN_UNDECLARED_SELECTOR = YES;
				GCC_WARN_UNINITIALIZED_AUTOS = YES_AGGRESSIVE;
				GCC_WARN_UNUSED_FUNCTION = YES;
				GCC_WARN_UNUSED_VARIABLE = YES;
				IPHONEOS_DEPLOYMENT_TARGET = 11.2;
				MTL_ENABLE_DEBUG_INFO = NO;
				SDKROOT = iphoneos;
				SWIFT_OPTIMIZATION_LEVEL = "-Owholemodule";
				SWIFT_VERSION = 5.0;
				VALIDATE_PRODUCT = YES;
			};
			name = Release;
		};
		CCFE62EE20534040000B057B /* Debug */ = {
			isa = XCBuildConfiguration;
			baseConfigurationReference = BEDD15D32AAE7D2185688CBC /* Pods-Workflows.debug.xcconfig */;
			buildSettings = {
				ALWAYS_EMBED_SWIFT_STANDARD_LIBRARIES = "$(inherited)";
				ASSETCATALOG_COMPILER_APPICON_NAME = AppIcon;
				CODE_SIGN_STYLE = Automatic;
				DEVELOPMENT_TEAM = YYAKJ5SR76;
				INFOPLIST_FILE = Workflows/Info.plist;
				IPHONEOS_DEPLOYMENT_TARGET = 10.0;
				LD_RUNPATH_SEARCH_PATHS = "$(inherited) @executable_path/Frameworks";
				MARKETING_VERSION = 0.3.0;
				OTHER_SWIFT_FLAGS = "$(inherited) -DDEBUG";
				PRODUCT_BUNDLE_IDENTIFIER = com.girappe.Workflows;
				PRODUCT_NAME = "$(TARGET_NAME)";
				TARGETED_DEVICE_FAMILY = "1,2";
			};
			name = Debug;
		};
		CCFE62EF20534040000B057B /* Release */ = {
			isa = XCBuildConfiguration;
			baseConfigurationReference = 97C1916E701C5AACC79AA918 /* Pods-Workflows.release.xcconfig */;
			buildSettings = {
				ALWAYS_EMBED_SWIFT_STANDARD_LIBRARIES = "$(inherited)";
				ASSETCATALOG_COMPILER_APPICON_NAME = AppIcon;
				CODE_SIGN_STYLE = Automatic;
				DEVELOPMENT_TEAM = YYAKJ5SR76;
				INFOPLIST_FILE = Workflows/Info.plist;
				IPHONEOS_DEPLOYMENT_TARGET = 10.0;
				LD_RUNPATH_SEARCH_PATHS = "$(inherited) @executable_path/Frameworks";
				MARKETING_VERSION = 0.3.0;
				OTHER_SWIFT_FLAGS = "$(inherited) -DRELEASE";
				PRODUCT_BUNDLE_IDENTIFIER = com.girappe.Workflows;
				PRODUCT_NAME = "$(TARGET_NAME)";
				TARGETED_DEVICE_FAMILY = "1,2";
			};
			name = Release;
		};
		CCFE62F120534040000B057B /* Debug */ = {
			isa = XCBuildConfiguration;
			baseConfigurationReference = 13C16ED8D8C63D30E19E512B /* Pods-WorkflowsTests.debug.xcconfig */;
			buildSettings = {
				ALWAYS_EMBED_SWIFT_STANDARD_LIBRARIES = "$(inherited)";
				BUNDLE_LOADER = "$(TEST_HOST)";
				CODE_SIGN_STYLE = Automatic;
				DEVELOPMENT_TEAM = YYAKJ5SR76;
				INFOPLIST_FILE = WorkflowsTests/Info.plist;
				LD_RUNPATH_SEARCH_PATHS = "$(inherited) @executable_path/Frameworks @loader_path/Frameworks";
				PRODUCT_BUNDLE_IDENTIFIER = com.digidentity.WorkflowsTests;
				PRODUCT_NAME = "$(TARGET_NAME)";
				TARGETED_DEVICE_FAMILY = "1,2";
				TEST_HOST = "$(BUILT_PRODUCTS_DIR)/Workflows.app/Workflows";
			};
			name = Debug;
		};
		CCFE62F220534040000B057B /* Release */ = {
			isa = XCBuildConfiguration;
			baseConfigurationReference = AEDAD6DD94C86989550412AB /* Pods-WorkflowsTests.release.xcconfig */;
			buildSettings = {
				ALWAYS_EMBED_SWIFT_STANDARD_LIBRARIES = "$(inherited)";
				BUNDLE_LOADER = "$(TEST_HOST)";
				CODE_SIGN_STYLE = Automatic;
				DEVELOPMENT_TEAM = YYAKJ5SR76;
				INFOPLIST_FILE = WorkflowsTests/Info.plist;
				LD_RUNPATH_SEARCH_PATHS = "$(inherited) @executable_path/Frameworks @loader_path/Frameworks";
				PRODUCT_BUNDLE_IDENTIFIER = com.digidentity.WorkflowsTests;
				PRODUCT_NAME = "$(TARGET_NAME)";
				TARGETED_DEVICE_FAMILY = "1,2";
				TEST_HOST = "$(BUILT_PRODUCTS_DIR)/Workflows.app/Workflows";
			};
			name = Release;
		};
/* End XCBuildConfiguration section */

/* Begin XCConfigurationList section */
		CCD082DB205579AC00CC66E5 /* Build configuration list for PBXNativeTarget "SwiftyWorkflow" */ = {
			isa = XCConfigurationList;
			buildConfigurations = (
				CCD082DC205579AC00CC66E5 /* Debug */,
				CCD082DD205579AC00CC66E5 /* Release */,
			);
			defaultConfigurationIsVisible = 0;
			defaultConfigurationName = Release;
		};
		CCD082DF205579AC00CC66E5 /* Build configuration list for PBXNativeTarget "SwiftyWorkflowTests" */ = {
			isa = XCConfigurationList;
			buildConfigurations = (
				CCD082E0205579AC00CC66E5 /* Debug */,
				CCD082E1205579AC00CC66E5 /* Release */,
			);
			defaultConfigurationIsVisible = 0;
			defaultConfigurationName = Release;
		};
		CCFE62CB20534040000B057B /* Build configuration list for PBXProject "Workflows" */ = {
			isa = XCConfigurationList;
			buildConfigurations = (
				CCFE62EB20534040000B057B /* Debug */,
				CCFE62EC20534040000B057B /* Release */,
			);
			defaultConfigurationIsVisible = 0;
			defaultConfigurationName = Release;
		};
		CCFE62ED20534040000B057B /* Build configuration list for PBXNativeTarget "Workflows" */ = {
			isa = XCConfigurationList;
			buildConfigurations = (
				CCFE62EE20534040000B057B /* Debug */,
				CCFE62EF20534040000B057B /* Release */,
			);
			defaultConfigurationIsVisible = 0;
			defaultConfigurationName = Release;
		};
		CCFE62F020534040000B057B /* Build configuration list for PBXNativeTarget "WorkflowsTests" */ = {
			isa = XCConfigurationList;
			buildConfigurations = (
				CCFE62F120534040000B057B /* Debug */,
				CCFE62F220534040000B057B /* Release */,
			);
			defaultConfigurationIsVisible = 0;
			defaultConfigurationName = Release;
		};
/* End XCConfigurationList section */
	};
	rootObject = CCFE62C820534040000B057B /* Project object */;
}
